// !$*UTF8*$!
{
	archiveVersion = 1;
	classes = {
	};
	objectVersion = 50;
	objects = {

/* Begin PBXBuildFile section */
		E921155D246C190F00AB7718 /* RequestStatement.swift in Sources */ = {isa = PBXBuildFile; fileRef = E921155C246C190F00AB7718 /* RequestStatement.swift */; };
		E921155F2473F46000AB7718 /* TranslateService.swift in Sources */ = {isa = PBXBuildFile; fileRef = E921155E2473F46000AB7718 /* TranslateService.swift */; };
		E92115612473F47900AB7718 /* TranslateViewController.swift in Sources */ = {isa = PBXBuildFile; fileRef = E92115602473F47900AB7718 /* TranslateViewController.swift */; };
		E92115632474297E00AB7718 /* Translate.swift in Sources */ = {isa = PBXBuildFile; fileRef = E92115622474297E00AB7718 /* Translate.swift */; };
		E930122E2459D12400B3F9CD /* CitiesTableView.storyboard in Resources */ = {isa = PBXBuildFile; fileRef = E930122D2459D12400B3F9CD /* CitiesTableView.storyboard */; };
		E93F06C62465AF6100AAE4C7 /* CustomTableViewCell.swift in Sources */ = {isa = PBXBuildFile; fileRef = E93F06C42465AF6100AAE4C7 /* CustomTableViewCell.swift */; };
		E93F06C72465AF6100AAE4C7 /* CustomTableViewCell.xib in Resources */ = {isa = PBXBuildFile; fileRef = E93F06C52465AF6100AAE4C7 /* CustomTableViewCell.xib */; };
		E93F06C92466D71400AAE4C7 /* WeatherViewController+CitiesTableViewDelegate.swift in Sources */ = {isa = PBXBuildFile; fileRef = E93F06C82466D71400AAE4C7 /* WeatherViewController+CitiesTableViewDelegate.swift */; };
		E947CFA9247A9F6C00DB6827 /* ExchangeViewController.swift in Sources */ = {isa = PBXBuildFile; fileRef = E947CFA8247A9F6C00DB6827 /* ExchangeViewController.swift */; };
		E947CFAB247AD1CC00DB6827 /* ExchangeService.swift in Sources */ = {isa = PBXBuildFile; fileRef = E947CFAA247AD1CC00DB6827 /* ExchangeService.swift */; };
		E947CFAD247AD31600DB6827 /* Exchange.swift in Sources */ = {isa = PBXBuildFile; fileRef = E947CFAC247AD31600DB6827 /* Exchange.swift */; };
		E947CFB52485638600DB6827 /* ShadowView.swift in Sources */ = {isa = PBXBuildFile; fileRef = E947CFB42485638600DB6827 /* ShadowView.swift */; };
		E947CFB724858F0500DB6827 /* RoundedButton.swift in Sources */ = {isa = PBXBuildFile; fileRef = E947CFB624858F0500DB6827 /* RoundedButton.swift */; };
		E947CFB9248657B600DB6827 /* BottomBorderTextField.swift in Sources */ = {isa = PBXBuildFile; fileRef = E947CFB8248657B600DB6827 /* BottomBorderTextField.swift */; };
		E94C175F2498F06500C0A74F /* WeatherServiceTest.swift in Sources */ = {isa = PBXBuildFile; fileRef = E94C175E2498F06500C0A74F /* WeatherServiceTest.swift */; };
		E965FCA924336F38003E1DEA /* AppDelegate.swift in Sources */ = {isa = PBXBuildFile; fileRef = E965FCA824336F38003E1DEA /* AppDelegate.swift */; };
		E965FCAD24336F38003E1DEA /* WeatherViewController.swift in Sources */ = {isa = PBXBuildFile; fileRef = E965FCAC24336F38003E1DEA /* WeatherViewController.swift */; };
		E965FCB024336F38003E1DEA /* Main.storyboard in Resources */ = {isa = PBXBuildFile; fileRef = E965FCAE24336F38003E1DEA /* Main.storyboard */; };
		E965FCB224336F39003E1DEA /* Assets.xcassets in Resources */ = {isa = PBXBuildFile; fileRef = E965FCB124336F39003E1DEA /* Assets.xcassets */; };
		E965FCB524336F39003E1DEA /* LaunchScreen.storyboard in Resources */ = {isa = PBXBuildFile; fileRef = E965FCB324336F39003E1DEA /* LaunchScreen.storyboard */; };
		E965FCC1243370E5003E1DEA /* Default-568h@2x.png in Resources */ = {isa = PBXBuildFile; fileRef = E965FCC0243370E5003E1DEA /* Default-568h@2x.png */; };
		E965FCC32433947C003E1DEA /* Weather.storyboard in Resources */ = {isa = PBXBuildFile; fileRef = E965FCC22433947C003E1DEA /* Weather.storyboard */; };
		E965FCC52433948B003E1DEA /* Translate.storyboard in Resources */ = {isa = PBXBuildFile; fileRef = E965FCC42433948B003E1DEA /* Translate.storyboard */; };
		E965FCC72433949E003E1DEA /* Exchange.storyboard in Resources */ = {isa = PBXBuildFile; fileRef = E965FCC62433949E003E1DEA /* Exchange.storyboard */; };
		E98F8D00249794A800E4ABAC /* StringExtension.swift in Sources */ = {isa = PBXBuildFile; fileRef = E98F8CFF249794A800E4ABAC /* StringExtension.swift */; };
		E98F8D022498DECE00E4ABAC /* DefaultService.swift in Sources */ = {isa = PBXBuildFile; fileRef = E98F8D012498DECE00E4ABAC /* DefaultService.swift */; };
		E991BA382491505100A4D39E /* WeatherFakeResponseData.swift in Sources */ = {isa = PBXBuildFile; fileRef = E991BA372491505100A4D39E /* WeatherFakeResponseData.swift */; };
		E991BA3A2491725000A4D39E /* UrlSessionFake.swift in Sources */ = {isa = PBXBuildFile; fileRef = E991BA392491725000A4D39E /* UrlSessionFake.swift */; };
		E991BA3C249181C200A4D39E /* TranslateFakeResponseData.swift in Sources */ = {isa = PBXBuildFile; fileRef = E991BA3B249181C200A4D39E /* TranslateFakeResponseData.swift */; };
		E991BA3E249184F900A4D39E /* ExchangeFakeResponseData.swift in Sources */ = {isa = PBXBuildFile; fileRef = E991BA3D249184F900A4D39E /* ExchangeFakeResponseData.swift */; };
		E9B8249D24A913C300ABE7A7 /* Loader.swift in Sources */ = {isa = PBXBuildFile; fileRef = E9B8249C24A913C300ABE7A7 /* Loader.swift */; };
		E9C13F1C245ACC8E0042976F /* UIViewController+Push+DisplayAlert+UiActivity.swift in Sources */ = {isa = PBXBuildFile; fileRef = E9C13F1B245ACC8E0042976F /* UIViewController+Push+DisplayAlert+UiActivity.swift */; };
		E9C13F2024617E310042976F /* ServiceError.swift in Sources */ = {isa = PBXBuildFile; fileRef = E9C13F1F24617E310042976F /* ServiceError.swift */; };
		E9CB1AE524573F540059BC3B /* ApiKeys.swift in Sources */ = {isa = PBXBuildFile; fileRef = E9CB1AE424573F540059BC3B /* ApiKeys.swift */; };
		E9CB1AE924573FD30059BC3B /* ApiKeys.plist in Resources */ = {isa = PBXBuildFile; fileRef = E9CB1AE824573FD30059BC3B /* ApiKeys.plist */; };
		E9CB1AF02459A4470059BC3B /* CitiesTableViewController.swift in Sources */ = {isa = PBXBuildFile; fileRef = E9CB1AEF2459A4470059BC3B /* CitiesTableViewController.swift */; };
		E9CB1AF22459B1CF0059BC3B /* WeatherService.swift in Sources */ = {isa = PBXBuildFile; fileRef = E9CB1AF12459B1CF0059BC3B /* WeatherService.swift */; };
		E9CB1AF42459B1F00059BC3B /* WeatherArray.swift in Sources */ = {isa = PBXBuildFile; fileRef = E9CB1AF32459B1F00059BC3B /* WeatherArray.swift */; };
		E9EBAA6C24911D0F005E160A /* WeatherViewController+UITableView.swift in Sources */ = {isa = PBXBuildFile; fileRef = E9EBAA6B24911D0F005E160A /* WeatherViewController+UITableView.swift */; };
		E9EBAA6E24913783005E160A /* CitiesTableVIew+UITableView+UITextField.swift in Sources */ = {isa = PBXBuildFile; fileRef = E9EBAA6D24913783005E160A /* CitiesTableVIew+UITableView+UITextField.swift */; };
		E9EBAA7024913B72005E160A /* TranslateViewController+UITextView.swift in Sources */ = {isa = PBXBuildFile; fileRef = E9EBAA6F24913B72005E160A /* TranslateViewController+UITextView.swift */; };
		E9EBAA7224913C8D005E160A /* ExchangeViewController+UITextField.swift in Sources */ = {isa = PBXBuildFile; fileRef = E9EBAA7124913C8D005E160A /* ExchangeViewController+UITextField.swift */; };
		E9EBAA8B249148BC005E160A /* Weather.json in Resources */ = {isa = PBXBuildFile; fileRef = E9EBAA8A249148BC005E160A /* Weather.json */; };
		E9EBAA8D249148E9005E160A /* Translate.json in Resources */ = {isa = PBXBuildFile; fileRef = E9EBAA8C249148E9005E160A /* Translate.json */; };
		E9EBAA8F249148FB005E160A /* Exchange.json in Resources */ = {isa = PBXBuildFile; fileRef = E9EBAA8E249148FB005E160A /* Exchange.json */; };
		E9F5A3F1248698690008DD3A /* ShadowTextView.swift in Sources */ = {isa = PBXBuildFile; fileRef = E9F5A3F0248698690008DD3A /* ShadowTextView.swift */; };
		E9F5A3F32486B8460008DD3A /* ShadowButton.swift in Sources */ = {isa = PBXBuildFile; fileRef = E9F5A3F22486B8460008DD3A /* ShadowButton.swift */; };
		E9F5A3F7248FBF100008DD3A /* Constants.swift in Sources */ = {isa = PBXBuildFile; fileRef = E9F5A3F6248FBF100008DD3A /* Constants.swift */; };
		E9FCD04F24A265040003712D /* WeatherByName.json in Resources */ = {isa = PBXBuildFile; fileRef = E9FCD04E24A265040003712D /* WeatherByName.json */; };
		E9FCD05124A3683B0003712D /* TranslateServiceTest.swift in Sources */ = {isa = PBXBuildFile; fileRef = E9FCD05024A3683B0003712D /* TranslateServiceTest.swift */; };
		E9FCD05324A36E360003712D /* ExchangeServiceTest.swift in Sources */ = {isa = PBXBuildFile; fileRef = E9FCD05224A36E360003712D /* ExchangeServiceTest.swift */; };
/* End PBXBuildFile section */

/* Begin PBXContainerItemProxy section */
		E9EBAA82249142C2005E160A /* PBXContainerItemProxy */ = {
			isa = PBXContainerItemProxy;
			containerPortal = E965FC9D24336F38003E1DEA /* Project object */;
			proxyType = 1;
			remoteGlobalIDString = E965FCA424336F38003E1DEA;
			remoteInfo = GreaTrip;
		};
/* End PBXContainerItemProxy section */

/* Begin PBXFileReference section */
		E921155C246C190F00AB7718 /* RequestStatement.swift */ = {isa = PBXFileReference; lastKnownFileType = sourcecode.swift; path = RequestStatement.swift; sourceTree = "<group>"; };
		E921155E2473F46000AB7718 /* TranslateService.swift */ = {isa = PBXFileReference; lastKnownFileType = sourcecode.swift; path = TranslateService.swift; sourceTree = "<group>"; };
		E92115602473F47900AB7718 /* TranslateViewController.swift */ = {isa = PBXFileReference; lastKnownFileType = sourcecode.swift; path = TranslateViewController.swift; sourceTree = "<group>"; };
		E92115622474297E00AB7718 /* Translate.swift */ = {isa = PBXFileReference; lastKnownFileType = sourcecode.swift; path = Translate.swift; sourceTree = "<group>"; };
		E930122D2459D12400B3F9CD /* CitiesTableView.storyboard */ = {isa = PBXFileReference; lastKnownFileType = file.storyboard; path = CitiesTableView.storyboard; sourceTree = "<group>"; };
		E93F06C42465AF6100AAE4C7 /* CustomTableViewCell.swift */ = {isa = PBXFileReference; lastKnownFileType = sourcecode.swift; path = CustomTableViewCell.swift; sourceTree = "<group>"; };
		E93F06C52465AF6100AAE4C7 /* CustomTableViewCell.xib */ = {isa = PBXFileReference; lastKnownFileType = file.xib; path = CustomTableViewCell.xib; sourceTree = "<group>"; };
		E93F06C82466D71400AAE4C7 /* WeatherViewController+CitiesTableViewDelegate.swift */ = {isa = PBXFileReference; lastKnownFileType = sourcecode.swift; path = "WeatherViewController+CitiesTableViewDelegate.swift"; sourceTree = "<group>"; };
		E947CFA8247A9F6C00DB6827 /* ExchangeViewController.swift */ = {isa = PBXFileReference; lastKnownFileType = sourcecode.swift; path = ExchangeViewController.swift; sourceTree = "<group>"; };
		E947CFAA247AD1CC00DB6827 /* ExchangeService.swift */ = {isa = PBXFileReference; lastKnownFileType = sourcecode.swift; path = ExchangeService.swift; sourceTree = "<group>"; };
		E947CFAC247AD31600DB6827 /* Exchange.swift */ = {isa = PBXFileReference; lastKnownFileType = sourcecode.swift; path = Exchange.swift; sourceTree = "<group>"; };
		E947CFB42485638600DB6827 /* ShadowView.swift */ = {isa = PBXFileReference; lastKnownFileType = sourcecode.swift; path = ShadowView.swift; sourceTree = "<group>"; };
		E947CFB624858F0500DB6827 /* RoundedButton.swift */ = {isa = PBXFileReference; lastKnownFileType = sourcecode.swift; path = RoundedButton.swift; sourceTree = "<group>"; };
		E947CFB8248657B600DB6827 /* BottomBorderTextField.swift */ = {isa = PBXFileReference; lastKnownFileType = sourcecode.swift; path = BottomBorderTextField.swift; sourceTree = "<group>"; };
		E94C175E2498F06500C0A74F /* WeatherServiceTest.swift */ = {isa = PBXFileReference; lastKnownFileType = sourcecode.swift; path = WeatherServiceTest.swift; sourceTree = "<group>"; };
		E965FCA524336F38003E1DEA /* GreaTrip.app */ = {isa = PBXFileReference; explicitFileType = wrapper.application; includeInIndex = 0; path = GreaTrip.app; sourceTree = BUILT_PRODUCTS_DIR; };
		E965FCA824336F38003E1DEA /* AppDelegate.swift */ = {isa = PBXFileReference; lastKnownFileType = sourcecode.swift; path = AppDelegate.swift; sourceTree = "<group>"; };
		E965FCAC24336F38003E1DEA /* WeatherViewController.swift */ = {isa = PBXFileReference; lastKnownFileType = sourcecode.swift; path = WeatherViewController.swift; sourceTree = "<group>"; };
		E965FCAF24336F38003E1DEA /* Base */ = {isa = PBXFileReference; lastKnownFileType = file.storyboard; name = Base; path = Base.lproj/Main.storyboard; sourceTree = "<group>"; };
		E965FCB124336F39003E1DEA /* Assets.xcassets */ = {isa = PBXFileReference; lastKnownFileType = folder.assetcatalog; path = Assets.xcassets; sourceTree = "<group>"; };
		E965FCB424336F39003E1DEA /* Base */ = {isa = PBXFileReference; lastKnownFileType = file.storyboard; name = Base; path = Base.lproj/LaunchScreen.storyboard; sourceTree = "<group>"; };
		E965FCB624336F39003E1DEA /* Info.plist */ = {isa = PBXFileReference; lastKnownFileType = text.plist.xml; path = Info.plist; sourceTree = "<group>"; };
		E965FCC0243370E5003E1DEA /* Default-568h@2x.png */ = {isa = PBXFileReference; lastKnownFileType = image.png; path = "Default-568h@2x.png"; sourceTree = "<group>"; };
		E965FCC22433947C003E1DEA /* Weather.storyboard */ = {isa = PBXFileReference; lastKnownFileType = file.storyboard; path = Weather.storyboard; sourceTree = "<group>"; };
		E965FCC42433948B003E1DEA /* Translate.storyboard */ = {isa = PBXFileReference; lastKnownFileType = file.storyboard; path = Translate.storyboard; sourceTree = "<group>"; };
		E965FCC62433949E003E1DEA /* Exchange.storyboard */ = {isa = PBXFileReference; lastKnownFileType = file.storyboard; path = Exchange.storyboard; sourceTree = "<group>"; };
		E98F8CFF249794A800E4ABAC /* StringExtension.swift */ = {isa = PBXFileReference; lastKnownFileType = sourcecode.swift; path = StringExtension.swift; sourceTree = "<group>"; };
		E98F8D012498DECE00E4ABAC /* DefaultService.swift */ = {isa = PBXFileReference; lastKnownFileType = sourcecode.swift; path = DefaultService.swift; sourceTree = "<group>"; };
		E991BA372491505100A4D39E /* WeatherFakeResponseData.swift */ = {isa = PBXFileReference; lastKnownFileType = sourcecode.swift; path = WeatherFakeResponseData.swift; sourceTree = "<group>"; };
		E991BA392491725000A4D39E /* UrlSessionFake.swift */ = {isa = PBXFileReference; lastKnownFileType = sourcecode.swift; path = UrlSessionFake.swift; sourceTree = "<group>"; };
		E991BA3B249181C200A4D39E /* TranslateFakeResponseData.swift */ = {isa = PBXFileReference; lastKnownFileType = sourcecode.swift; path = TranslateFakeResponseData.swift; sourceTree = "<group>"; };
		E991BA3D249184F900A4D39E /* ExchangeFakeResponseData.swift */ = {isa = PBXFileReference; lastKnownFileType = sourcecode.swift; path = ExchangeFakeResponseData.swift; sourceTree = "<group>"; };
		E9B8249C24A913C300ABE7A7 /* Loader.swift */ = {isa = PBXFileReference; lastKnownFileType = sourcecode.swift; path = Loader.swift; sourceTree = "<group>"; };
		E9C13F1B245ACC8E0042976F /* UIViewController+Push+DisplayAlert+UiActivity.swift */ = {isa = PBXFileReference; lastKnownFileType = sourcecode.swift; path = "UIViewController+Push+DisplayAlert+UiActivity.swift"; sourceTree = "<group>"; };
		E9C13F1F24617E310042976F /* ServiceError.swift */ = {isa = PBXFileReference; lastKnownFileType = sourcecode.swift; path = ServiceError.swift; sourceTree = "<group>"; };
		E9CB1AE424573F540059BC3B /* ApiKeys.swift */ = {isa = PBXFileReference; lastKnownFileType = sourcecode.swift; path = ApiKeys.swift; sourceTree = "<group>"; };
		E9CB1AE824573FD30059BC3B /* ApiKeys.plist */ = {isa = PBXFileReference; lastKnownFileType = text.plist.xml; path = ApiKeys.plist; sourceTree = "<group>"; };
		E9CB1AEF2459A4470059BC3B /* CitiesTableViewController.swift */ = {isa = PBXFileReference; lastKnownFileType = sourcecode.swift; path = CitiesTableViewController.swift; sourceTree = "<group>"; };
		E9CB1AF12459B1CF0059BC3B /* WeatherService.swift */ = {isa = PBXFileReference; lastKnownFileType = sourcecode.swift; path = WeatherService.swift; sourceTree = "<group>"; };
		E9CB1AF32459B1F00059BC3B /* WeatherArray.swift */ = {isa = PBXFileReference; lastKnownFileType = sourcecode.swift; path = WeatherArray.swift; sourceTree = "<group>"; };
		E9EBAA6B24911D0F005E160A /* WeatherViewController+UITableView.swift */ = {isa = PBXFileReference; lastKnownFileType = sourcecode.swift; path = "WeatherViewController+UITableView.swift"; sourceTree = "<group>"; };
		E9EBAA6D24913783005E160A /* CitiesTableVIew+UITableView+UITextField.swift */ = {isa = PBXFileReference; lastKnownFileType = sourcecode.swift; path = "CitiesTableVIew+UITableView+UITextField.swift"; sourceTree = "<group>"; };
		E9EBAA6F24913B72005E160A /* TranslateViewController+UITextView.swift */ = {isa = PBXFileReference; lastKnownFileType = sourcecode.swift; path = "TranslateViewController+UITextView.swift"; sourceTree = "<group>"; };
		E9EBAA7124913C8D005E160A /* ExchangeViewController+UITextField.swift */ = {isa = PBXFileReference; lastKnownFileType = sourcecode.swift; path = "ExchangeViewController+UITextField.swift"; sourceTree = "<group>"; };
		E9EBAA7D249142C2005E160A /* GreaTripTests.xctest */ = {isa = PBXFileReference; explicitFileType = wrapper.cfbundle; includeInIndex = 0; path = GreaTripTests.xctest; sourceTree = BUILT_PRODUCTS_DIR; };
		E9EBAA81249142C2005E160A /* Info.plist */ = {isa = PBXFileReference; lastKnownFileType = text.plist.xml; path = Info.plist; sourceTree = "<group>"; };
		E9EBAA8A249148BC005E160A /* Weather.json */ = {isa = PBXFileReference; lastKnownFileType = text.json; path = Weather.json; sourceTree = "<group>"; };
		E9EBAA8C249148E9005E160A /* Translate.json */ = {isa = PBXFileReference; lastKnownFileType = text.json; path = Translate.json; sourceTree = "<group>"; };
		E9EBAA8E249148FB005E160A /* Exchange.json */ = {isa = PBXFileReference; lastKnownFileType = text.json; path = Exchange.json; sourceTree = "<group>"; };
		E9F5A3F0248698690008DD3A /* ShadowTextView.swift */ = {isa = PBXFileReference; lastKnownFileType = sourcecode.swift; path = ShadowTextView.swift; sourceTree = "<group>"; };
		E9F5A3F22486B8460008DD3A /* ShadowButton.swift */ = {isa = PBXFileReference; lastKnownFileType = sourcecode.swift; path = ShadowButton.swift; sourceTree = "<group>"; };
		E9F5A3F6248FBF100008DD3A /* Constants.swift */ = {isa = PBXFileReference; lastKnownFileType = sourcecode.swift; path = Constants.swift; sourceTree = "<group>"; };
		E9FCD04E24A265040003712D /* WeatherByName.json */ = {isa = PBXFileReference; lastKnownFileType = text.json; path = WeatherByName.json; sourceTree = "<group>"; };
		E9FCD05024A3683B0003712D /* TranslateServiceTest.swift */ = {isa = PBXFileReference; lastKnownFileType = sourcecode.swift; path = TranslateServiceTest.swift; sourceTree = "<group>"; };
		E9FCD05224A36E360003712D /* ExchangeServiceTest.swift */ = {isa = PBXFileReference; lastKnownFileType = sourcecode.swift; path = ExchangeServiceTest.swift; sourceTree = "<group>"; };
/* End PBXFileReference section */

/* Begin PBXFrameworksBuildPhase section */
		E965FCA224336F38003E1DEA /* Frameworks */ = {
			isa = PBXFrameworksBuildPhase;
			buildActionMask = 2147483647;
			files = (
			);
			runOnlyForDeploymentPostprocessing = 0;
		};
		E9EBAA7A249142C2005E160A /* Frameworks */ = {
			isa = PBXFrameworksBuildPhase;
			buildActionMask = 2147483647;
			files = (
			);
			runOnlyForDeploymentPostprocessing = 0;
		};
/* End PBXFrameworksBuildPhase section */

/* Begin PBXGroup section */
		E965FC9C24336F38003E1DEA = {
			isa = PBXGroup;
			children = (
				E965FCA724336F38003E1DEA /* GreaTrip */,
				E9EBAA7E249142C2005E160A /* GreaTripTests */,
				E965FCA624336F38003E1DEA /* Products */,
			);
			sourceTree = "<group>";
		};
		E965FCA624336F38003E1DEA /* Products */ = {
			isa = PBXGroup;
			children = (
				E965FCA524336F38003E1DEA /* GreaTrip.app */,
				E9EBAA7D249142C2005E160A /* GreaTripTests.xctest */,
			);
			name = Products;
			sourceTree = "<group>";
		};
		E965FCA724336F38003E1DEA /* GreaTrip */ = {
			isa = PBXGroup;
			children = (
				E965FCA824336F38003E1DEA /* AppDelegate.swift */,
				E965FCBE243370AF003E1DEA /* Model */,
				E965FCBD243370A8003E1DEA /* View */,
				E965FCBC24336F41003E1DEA /* Controller */,
				E9CB1AF72459B3A30059BC3B /* Services */,
				E9CB1AFA2459B40F0059BC3B /* Cells */,
				E9B8249924A9040700ABE7A7 /* Protocols */,
				E9C13F1A245ACBB80042976F /* Extensions */,
				E9CB1AE324573F210059BC3B /* Utilities */,
				E965FCBF243370C9003E1DEA /* Supporting Files  */,
			);
			path = GreaTrip;
			sourceTree = "<group>";
		};
		E965FCBC24336F41003E1DEA /* Controller */ = {
			isa = PBXGroup;
			children = (
				E9EBAA6824910CDD005E160A /* Weather */,
				E9EBAA6924911020005E160A /* Translate */,
				E9EBAA6A249110CD005E160A /* Exchange */,
			);
			path = Controller;
			sourceTree = "<group>";
		};
		E965FCBD243370A8003E1DEA /* View */ = {
			isa = PBXGroup;
			children = (
				E965FCAE24336F38003E1DEA /* Main.storyboard */,
				E965FCC22433947C003E1DEA /* Weather.storyboard */,
				E930122D2459D12400B3F9CD /* CitiesTableView.storyboard */,
				E965FCC42433948B003E1DEA /* Translate.storyboard */,
				E965FCC62433949E003E1DEA /* Exchange.storyboard */,
				E93F06C52465AF6100AAE4C7 /* CustomTableViewCell.xib */,
				E947CFB42485638600DB6827 /* ShadowView.swift */,
				E9F5A3F0248698690008DD3A /* ShadowTextView.swift */,
				E9F5A3F22486B8460008DD3A /* ShadowButton.swift */,
				E947CFB624858F0500DB6827 /* RoundedButton.swift */,
				E947CFB8248657B600DB6827 /* BottomBorderTextField.swift */,
			);
			path = View;
			sourceTree = "<group>";
		};
		E965FCBE243370AF003E1DEA /* Model */ = {
			isa = PBXGroup;
			children = (
				E9CB1AF32459B1F00059BC3B /* WeatherArray.swift */,
				E92115622474297E00AB7718 /* Translate.swift */,
				E947CFAC247AD31600DB6827 /* Exchange.swift */,
				E9C13F1F24617E310042976F /* ServiceError.swift */,
				E921155C246C190F00AB7718 /* RequestStatement.swift */,
			);
			path = Model;
			sourceTree = "<group>";
		};
		E965FCBF243370C9003E1DEA /* Supporting Files  */ = {
			isa = PBXGroup;
			children = (
				E965FCC0243370E5003E1DEA /* Default-568h@2x.png */,
				E965FCB624336F39003E1DEA /* Info.plist */,
				E965FCB324336F39003E1DEA /* LaunchScreen.storyboard */,
				E965FCB124336F39003E1DEA /* Assets.xcassets */,
				E9CB1AE824573FD30059BC3B /* ApiKeys.plist */,
			);
			path = "Supporting Files ";
			sourceTree = "<group>";
		};
		E9B8249924A9040700ABE7A7 /* Protocols */ = {
			isa = PBXGroup;
			children = (
				E9B8249C24A913C300ABE7A7 /* Loader.swift */,
			);
			path = Protocols;
			sourceTree = "<group>";
		};
		E9C13F1A245ACBB80042976F /* Extensions */ = {
			isa = PBXGroup;
			children = (
				E9C13F1B245ACC8E0042976F /* UIViewController+Push+DisplayAlert+UiActivity.swift */,
				E98F8CFF249794A800E4ABAC /* StringExtension.swift */,
			);
			path = Extensions;
			sourceTree = "<group>";
		};
		E9CB1AE324573F210059BC3B /* Utilities */ = {
			isa = PBXGroup;
			children = (
				E9CB1AE424573F540059BC3B /* ApiKeys.swift */,
				E9F5A3F6248FBF100008DD3A /* Constants.swift */,
			);
			path = Utilities;
			sourceTree = "<group>";
		};
		E9CB1AF72459B3A30059BC3B /* Services */ = {
			isa = PBXGroup;
			children = (
				E98F8D012498DECE00E4ABAC /* DefaultService.swift */,
				E9CB1AF12459B1CF0059BC3B /* WeatherService.swift */,
				E921155E2473F46000AB7718 /* TranslateService.swift */,
				E947CFAA247AD1CC00DB6827 /* ExchangeService.swift */,
			);
			path = Services;
			sourceTree = "<group>";
		};
		E9CB1AFA2459B40F0059BC3B /* Cells */ = {
			isa = PBXGroup;
			children = (
				E93F06C42465AF6100AAE4C7 /* CustomTableViewCell.swift */,
			);
			path = Cells;
			sourceTree = "<group>";
		};
		E9EBAA6824910CDD005E160A /* Weather */ = {
			isa = PBXGroup;
			children = (
				E965FCAC24336F38003E1DEA /* WeatherViewController.swift */,
				E93F06C82466D71400AAE4C7 /* WeatherViewController+CitiesTableViewDelegate.swift */,
				E9EBAA6B24911D0F005E160A /* WeatherViewController+UITableView.swift */,
				E9CB1AEF2459A4470059BC3B /* CitiesTableViewController.swift */,
				E9EBAA6D24913783005E160A /* CitiesTableVIew+UITableView+UITextField.swift */,
			);
			path = Weather;
			sourceTree = "<group>";
		};
		E9EBAA6924911020005E160A /* Translate */ = {
			isa = PBXGroup;
			children = (
				E92115602473F47900AB7718 /* TranslateViewController.swift */,
				E9EBAA6F24913B72005E160A /* TranslateViewController+UITextView.swift */,
			);
			path = Translate;
			sourceTree = "<group>";
		};
		E9EBAA6A249110CD005E160A /* Exchange */ = {
			isa = PBXGroup;
			children = (
				E947CFA8247A9F6C00DB6827 /* ExchangeViewController.swift */,
				E9EBAA7124913C8D005E160A /* ExchangeViewController+UITextField.swift */,
			);
			path = Exchange;
			sourceTree = "<group>";
		};
		E9EBAA7E249142C2005E160A /* GreaTripTests */ = {
			isa = PBXGroup;
			children = (
				E9EBAA89249142E8005E160A /* Weather */,
				E9EBAA88249142E2005E160A /* Translate */,
				E9EBAA87249142D0005E160A /* Exchange */,
				E991BA392491725000A4D39E /* UrlSessionFake.swift */,
				E9EBAA81249142C2005E160A /* Info.plist */,
			);
			path = GreaTripTests;
			sourceTree = "<group>";
		};
		E9EBAA87249142D0005E160A /* Exchange */ = {
			isa = PBXGroup;
			children = (
				E9EBAA8E249148FB005E160A /* Exchange.json */,
				E991BA3D249184F900A4D39E /* ExchangeFakeResponseData.swift */,
				E9FCD05224A36E360003712D /* ExchangeServiceTest.swift */,
			);
			path = Exchange;
			sourceTree = "<group>";
		};
		E9EBAA88249142E2005E160A /* Translate */ = {
			isa = PBXGroup;
			children = (
				E9EBAA8C249148E9005E160A /* Translate.json */,
				E991BA3B249181C200A4D39E /* TranslateFakeResponseData.swift */,
				E9FCD05024A3683B0003712D /* TranslateServiceTest.swift */,
			);
			path = Translate;
			sourceTree = "<group>";
		};
		E9EBAA89249142E8005E160A /* Weather */ = {
			isa = PBXGroup;
			children = (
				E9EBAA8A249148BC005E160A /* Weather.json */,
				E9FCD04E24A265040003712D /* WeatherByName.json */,
				E991BA372491505100A4D39E /* WeatherFakeResponseData.swift */,
				E94C175E2498F06500C0A74F /* WeatherServiceTest.swift */,
			);
			path = Weather;
			sourceTree = "<group>";
		};
/* End PBXGroup section */

/* Begin PBXNativeTarget section */
		E965FCA424336F38003E1DEA /* GreaTrip */ = {
			isa = PBXNativeTarget;
			buildConfigurationList = E965FCB924336F39003E1DEA /* Build configuration list for PBXNativeTarget "GreaTrip" */;
			buildPhases = (
				E965FCA124336F38003E1DEA /* Sources */,
				E965FCA224336F38003E1DEA /* Frameworks */,
				E965FCA324336F38003E1DEA /* Resources */,
			);
			buildRules = (
			);
			dependencies = (
			);
			name = GreaTrip;
			productName = GreaTrip;
			productReference = E965FCA524336F38003E1DEA /* GreaTrip.app */;
			productType = "com.apple.product-type.application";
		};
		E9EBAA7C249142C2005E160A /* GreaTripTests */ = {
			isa = PBXNativeTarget;
			buildConfigurationList = E9EBAA84249142C2005E160A /* Build configuration list for PBXNativeTarget "GreaTripTests" */;
			buildPhases = (
				E9EBAA79249142C2005E160A /* Sources */,
				E9EBAA7A249142C2005E160A /* Frameworks */,
				E9EBAA7B249142C2005E160A /* Resources */,
			);
			buildRules = (
			);
			dependencies = (
				E9EBAA83249142C2005E160A /* PBXTargetDependency */,
			);
			name = GreaTripTests;
			productName = GreaTripTests;
			productReference = E9EBAA7D249142C2005E160A /* GreaTripTests.xctest */;
			productType = "com.apple.product-type.bundle.unit-test";
		};
/* End PBXNativeTarget section */

/* Begin PBXProject section */
		E965FC9D24336F38003E1DEA /* Project object */ = {
			isa = PBXProject;
			attributes = {
				LastSwiftUpdateCheck = 1140;
				LastUpgradeCheck = 1140;
				ORGANIZATIONNAME = Thomas;
				TargetAttributes = {
					E965FCA424336F38003E1DEA = {
						CreatedOnToolsVersion = 11.4;
					};
					E9EBAA7C249142C2005E160A = {
						CreatedOnToolsVersion = 11.4;
						LastSwiftMigration = 1140;
						TestTargetID = E965FCA424336F38003E1DEA;
					};
				};
			};
			buildConfigurationList = E965FCA024336F38003E1DEA /* Build configuration list for PBXProject "GreaTrip" */;
			compatibilityVersion = "Xcode 9.3";
			developmentRegion = en;
			hasScannedForEncodings = 0;
			knownRegions = (
				en,
				Base,
			);
			mainGroup = E965FC9C24336F38003E1DEA;
			productRefGroup = E965FCA624336F38003E1DEA /* Products */;
			projectDirPath = "";
			projectRoot = "";
			targets = (
				E965FCA424336F38003E1DEA /* GreaTrip */,
				E9EBAA7C249142C2005E160A /* GreaTripTests */,
			);
		};
/* End PBXProject section */

/* Begin PBXResourcesBuildPhase section */
		E965FCA324336F38003E1DEA /* Resources */ = {
			isa = PBXResourcesBuildPhase;
			buildActionMask = 2147483647;
			files = (
				E965FCC72433949E003E1DEA /* Exchange.storyboard in Resources */,
				E965FCB524336F39003E1DEA /* LaunchScreen.storyboard in Resources */,
				E965FCC32433947C003E1DEA /* Weather.storyboard in Resources */,
				E930122E2459D12400B3F9CD /* CitiesTableView.storyboard in Resources */,
				E965FCC1243370E5003E1DEA /* Default-568h@2x.png in Resources */,
				E965FCC52433948B003E1DEA /* Translate.storyboard in Resources */,
				E9CB1AE924573FD30059BC3B /* ApiKeys.plist in Resources */,
				E965FCB224336F39003E1DEA /* Assets.xcassets in Resources */,
				E965FCB024336F38003E1DEA /* Main.storyboard in Resources */,
				E93F06C72465AF6100AAE4C7 /* CustomTableViewCell.xib in Resources */,
			);
			runOnlyForDeploymentPostprocessing = 0;
		};
		E9EBAA7B249142C2005E160A /* Resources */ = {
			isa = PBXResourcesBuildPhase;
			buildActionMask = 2147483647;
			files = (
				E9EBAA8F249148FB005E160A /* Exchange.json in Resources */,
				E9EBAA8D249148E9005E160A /* Translate.json in Resources */,
				E9FCD04F24A265040003712D /* WeatherByName.json in Resources */,
				E9EBAA8B249148BC005E160A /* Weather.json in Resources */,
			);
			runOnlyForDeploymentPostprocessing = 0;
		};
/* End PBXResourcesBuildPhase section */

/* Begin PBXSourcesBuildPhase section */
		E965FCA124336F38003E1DEA /* Sources */ = {
			isa = PBXSourcesBuildPhase;
			buildActionMask = 2147483647;
			files = (
				E947CFB52485638600DB6827 /* ShadowView.swift in Sources */,
				E921155F2473F46000AB7718 /* TranslateService.swift in Sources */,
				E947CFB9248657B600DB6827 /* BottomBorderTextField.swift in Sources */,
				E9EBAA7224913C8D005E160A /* ExchangeViewController+UITextField.swift in Sources */,
				E947CFA9247A9F6C00DB6827 /* ExchangeViewController.swift in Sources */,
				E947CFB724858F0500DB6827 /* RoundedButton.swift in Sources */,
				E9EBAA7024913B72005E160A /* TranslateViewController+UITextView.swift in Sources */,
				E9F5A3F32486B8460008DD3A /* ShadowButton.swift in Sources */,
				E9CB1AF22459B1CF0059BC3B /* WeatherService.swift in Sources */,
				E965FCAD24336F38003E1DEA /* WeatherViewController.swift in Sources */,
				E947CFAB247AD1CC00DB6827 /* ExchangeService.swift in Sources */,
				E9C13F1C245ACC8E0042976F /* UIViewController+Push+DisplayAlert+UiActivity.swift in Sources */,
				E9EBAA6C24911D0F005E160A /* WeatherViewController+UITableView.swift in Sources */,
				E9CB1AF02459A4470059BC3B /* CitiesTableViewController.swift in Sources */,
				E9B8249D24A913C300ABE7A7 /* Loader.swift in Sources */,
				E93F06C62465AF6100AAE4C7 /* CustomTableViewCell.swift in Sources */,
				E9C13F2024617E310042976F /* ServiceError.swift in Sources */,
				E9EBAA6E24913783005E160A /* CitiesTableVIew+UITableView+UITextField.swift in Sources */,
				E9F5A3F1248698690008DD3A /* ShadowTextView.swift in Sources */,
				E93F06C92466D71400AAE4C7 /* WeatherViewController+CitiesTableViewDelegate.swift in Sources */,
				E98F8D022498DECE00E4ABAC /* DefaultService.swift in Sources */,
				E965FCA924336F38003E1DEA /* AppDelegate.swift in Sources */,
				E9CB1AF42459B1F00059BC3B /* WeatherArray.swift in Sources */,
				E92115632474297E00AB7718 /* Translate.swift in Sources */,
				E947CFAD247AD31600DB6827 /* Exchange.swift in Sources */,
				E92115612473F47900AB7718 /* TranslateViewController.swift in Sources */,
				E98F8D00249794A800E4ABAC /* StringExtension.swift in Sources */,
				E9CB1AE524573F540059BC3B /* ApiKeys.swift in Sources */,
				E921155D246C190F00AB7718 /* RequestStatement.swift in Sources */,
				E9F5A3F7248FBF100008DD3A /* Constants.swift in Sources */,
			);
			runOnlyForDeploymentPostprocessing = 0;
		};
		E9EBAA79249142C2005E160A /* Sources */ = {
			isa = PBXSourcesBuildPhase;
			buildActionMask = 2147483647;
			files = (
				E9FCD05324A36E360003712D /* ExchangeServiceTest.swift in Sources */,
				E94C175F2498F06500C0A74F /* WeatherServiceTest.swift in Sources */,
				E991BA3E249184F900A4D39E /* ExchangeFakeResponseData.swift in Sources */,
				E991BA3C249181C200A4D39E /* TranslateFakeResponseData.swift in Sources */,
				E991BA382491505100A4D39E /* WeatherFakeResponseData.swift in Sources */,
				E9FCD05124A3683B0003712D /* TranslateServiceTest.swift in Sources */,
				E991BA3A2491725000A4D39E /* UrlSessionFake.swift in Sources */,
			);
			runOnlyForDeploymentPostprocessing = 0;
		};
/* End PBXSourcesBuildPhase section */

/* Begin PBXTargetDependency section */
		E9EBAA83249142C2005E160A /* PBXTargetDependency */ = {
			isa = PBXTargetDependency;
			target = E965FCA424336F38003E1DEA /* GreaTrip */;
			targetProxy = E9EBAA82249142C2005E160A /* PBXContainerItemProxy */;
		};
/* End PBXTargetDependency section */

/* Begin PBXVariantGroup section */
		E965FCAE24336F38003E1DEA /* Main.storyboard */ = {
			isa = PBXVariantGroup;
			children = (
				E965FCAF24336F38003E1DEA /* Base */,
			);
			name = Main.storyboard;
			sourceTree = "<group>";
		};
		E965FCB324336F39003E1DEA /* LaunchScreen.storyboard */ = {
			isa = PBXVariantGroup;
			children = (
				E965FCB424336F39003E1DEA /* Base */,
			);
			name = LaunchScreen.storyboard;
			sourceTree = "<group>";
		};
/* End PBXVariantGroup section */

/* Begin XCBuildConfiguration section */
		E965FCB724336F39003E1DEA /* Debug */ = {
			isa = XCBuildConfiguration;
			buildSettings = {
				ALWAYS_SEARCH_USER_PATHS = NO;
				CLANG_ANALYZER_NONNULL = YES;
				CLANG_ANALYZER_NUMBER_OBJECT_CONVERSION = YES_AGGRESSIVE;
				CLANG_CXX_LANGUAGE_STANDARD = "gnu++14";
				CLANG_CXX_LIBRARY = "libc++";
				CLANG_ENABLE_MODULES = YES;
				CLANG_ENABLE_OBJC_ARC = YES;
				CLANG_ENABLE_OBJC_WEAK = YES;
				CLANG_WARN_BLOCK_CAPTURE_AUTORELEASING = YES;
				CLANG_WARN_BOOL_CONVERSION = YES;
				CLANG_WARN_COMMA = YES;
				CLANG_WARN_CONSTANT_CONVERSION = YES;
				CLANG_WARN_DEPRECATED_OBJC_IMPLEMENTATIONS = YES;
				CLANG_WARN_DIRECT_OBJC_ISA_USAGE = YES_ERROR;
				CLANG_WARN_DOCUMENTATION_COMMENTS = YES;
				CLANG_WARN_EMPTY_BODY = YES;
				CLANG_WARN_ENUM_CONVERSION = YES;
				CLANG_WARN_INFINITE_RECURSION = YES;
				CLANG_WARN_INT_CONVERSION = YES;
				CLANG_WARN_NON_LITERAL_NULL_CONVERSION = YES;
				CLANG_WARN_OBJC_IMPLICIT_RETAIN_SELF = YES;
				CLANG_WARN_OBJC_LITERAL_CONVERSION = YES;
				CLANG_WARN_OBJC_ROOT_CLASS = YES_ERROR;
				CLANG_WARN_RANGE_LOOP_ANALYSIS = YES;
				CLANG_WARN_STRICT_PROTOTYPES = YES;
				CLANG_WARN_SUSPICIOUS_MOVE = YES;
				CLANG_WARN_UNGUARDED_AVAILABILITY = YES_AGGRESSIVE;
				CLANG_WARN_UNREACHABLE_CODE = YES;
				CLANG_WARN__DUPLICATE_METHOD_MATCH = YES;
				COPY_PHASE_STRIP = NO;
				DEBUG_INFORMATION_FORMAT = dwarf;
				ENABLE_STRICT_OBJC_MSGSEND = YES;
				ENABLE_TESTABILITY = YES;
				GCC_C_LANGUAGE_STANDARD = gnu11;
				GCC_DYNAMIC_NO_PIC = NO;
				GCC_NO_COMMON_BLOCKS = YES;
				GCC_OPTIMIZATION_LEVEL = 0;
				GCC_PREPROCESSOR_DEFINITIONS = (
					"DEBUG=1",
					"$(inherited)",
				);
				GCC_WARN_64_TO_32_BIT_CONVERSION = YES;
				GCC_WARN_ABOUT_RETURN_TYPE = YES_ERROR;
				GCC_WARN_UNDECLARED_SELECTOR = YES;
				GCC_WARN_UNINITIALIZED_AUTOS = YES_AGGRESSIVE;
				GCC_WARN_UNUSED_FUNCTION = YES;
				GCC_WARN_UNUSED_VARIABLE = YES;
				IPHONEOS_DEPLOYMENT_TARGET = 13.4;
				MTL_ENABLE_DEBUG_INFO = INCLUDE_SOURCE;
				MTL_FAST_MATH = YES;
				ONLY_ACTIVE_ARCH = YES;
				SDKROOT = iphoneos;
				SWIFT_ACTIVE_COMPILATION_CONDITIONS = DEBUG;
				SWIFT_OPTIMIZATION_LEVEL = "-Onone";
			};
			name = Debug;
		};
		E965FCB824336F39003E1DEA /* Release */ = {
			isa = XCBuildConfiguration;
			buildSettings = {
				ALWAYS_SEARCH_USER_PATHS = NO;
				CLANG_ANALYZER_NONNULL = YES;
				CLANG_ANALYZER_NUMBER_OBJECT_CONVERSION = YES_AGGRESSIVE;
				CLANG_CXX_LANGUAGE_STANDARD = "gnu++14";
				CLANG_CXX_LIBRARY = "libc++";
				CLANG_ENABLE_MODULES = YES;
				CLANG_ENABLE_OBJC_ARC = YES;
				CLANG_ENABLE_OBJC_WEAK = YES;
				CLANG_WARN_BLOCK_CAPTURE_AUTORELEASING = YES;
				CLANG_WARN_BOOL_CONVERSION = YES;
				CLANG_WARN_COMMA = YES;
				CLANG_WARN_CONSTANT_CONVERSION = YES;
				CLANG_WARN_DEPRECATED_OBJC_IMPLEMENTATIONS = YES;
				CLANG_WARN_DIRECT_OBJC_ISA_USAGE = YES_ERROR;
				CLANG_WARN_DOCUMENTATION_COMMENTS = YES;
				CLANG_WARN_EMPTY_BODY = YES;
				CLANG_WARN_ENUM_CONVERSION = YES;
				CLANG_WARN_INFINITE_RECURSION = YES;
				CLANG_WARN_INT_CONVERSION = YES;
				CLANG_WARN_NON_LITERAL_NULL_CONVERSION = YES;
				CLANG_WARN_OBJC_IMPLICIT_RETAIN_SELF = YES;
				CLANG_WARN_OBJC_LITERAL_CONVERSION = YES;
				CLANG_WARN_OBJC_ROOT_CLASS = YES_ERROR;
				CLANG_WARN_RANGE_LOOP_ANALYSIS = YES;
				CLANG_WARN_STRICT_PROTOTYPES = YES;
				CLANG_WARN_SUSPICIOUS_MOVE = YES;
				CLANG_WARN_UNGUARDED_AVAILABILITY = YES_AGGRESSIVE;
				CLANG_WARN_UNREACHABLE_CODE = YES;
				CLANG_WARN__DUPLICATE_METHOD_MATCH = YES;
				COPY_PHASE_STRIP = NO;
				DEBUG_INFORMATION_FORMAT = "dwarf-with-dsym";
				ENABLE_NS_ASSERTIONS = NO;
				ENABLE_STRICT_OBJC_MSGSEND = YES;
				GCC_C_LANGUAGE_STANDARD = gnu11;
				GCC_NO_COMMON_BLOCKS = YES;
				GCC_WARN_64_TO_32_BIT_CONVERSION = YES;
				GCC_WARN_ABOUT_RETURN_TYPE = YES_ERROR;
				GCC_WARN_UNDECLARED_SELECTOR = YES;
				GCC_WARN_UNINITIALIZED_AUTOS = YES_AGGRESSIVE;
				GCC_WARN_UNUSED_FUNCTION = YES;
				GCC_WARN_UNUSED_VARIABLE = YES;
				IPHONEOS_DEPLOYMENT_TARGET = 13.4;
				MTL_ENABLE_DEBUG_INFO = NO;
				MTL_FAST_MATH = YES;
				SDKROOT = iphoneos;
				SWIFT_COMPILATION_MODE = wholemodule;
				SWIFT_OPTIMIZATION_LEVEL = "-O";
				VALIDATE_PRODUCT = YES;
			};
			name = Release;
		};
		E965FCBA24336F39003E1DEA /* Debug */ = {
			isa = XCBuildConfiguration;
			buildSettings = {
				ASSETCATALOG_COMPILER_APPICON_NAME = AppIcon;
				CODE_SIGN_STYLE = Automatic;
				DEVELOPMENT_TEAM = 87G25HJ2R8;
				INFOPLIST_FILE = "$(SRCROOT)/GreaTrip/Supporting Files /Info.plist";
				IPHONEOS_DEPLOYMENT_TARGET = 11.0;
				LD_RUNPATH_SEARCH_PATHS = (
					"$(inherited)",
					"@executable_path/Frameworks",
				);
				PRODUCT_BUNDLE_IDENTIFIER = com.thomasgiron.GreaTrip;
				PRODUCT_NAME = "$(TARGET_NAME)";
				SWIFT_VERSION = 5.0;
				TARGETED_DEVICE_FAMILY = "1,2";
			};
			name = Debug;
		};
		E965FCBB24336F39003E1DEA /* Release */ = {
			isa = XCBuildConfiguration;
			buildSettings = {
				ASSETCATALOG_COMPILER_APPICON_NAME = AppIcon;
				CODE_SIGN_STYLE = Automatic;
				DEVELOPMENT_TEAM = 87G25HJ2R8;
				INFOPLIST_FILE = "$(SRCROOT)/GreaTrip/Supporting Files /Info.plist";
				IPHONEOS_DEPLOYMENT_TARGET = 11.0;
				LD_RUNPATH_SEARCH_PATHS = (
					"$(inherited)",
					"@executable_path/Frameworks",
				);
				PRODUCT_BUNDLE_IDENTIFIER = com.thomasgiron.GreaTrip;
				PRODUCT_NAME = "$(TARGET_NAME)";
				SWIFT_VERSION = 5.0;
				TARGETED_DEVICE_FAMILY = "1,2";
			};
			name = Release;
		};
		E9EBAA85249142C2005E160A /* Debug */ = {
			isa = XCBuildConfiguration;
			buildSettings = {
				BUNDLE_LOADER = "$(TEST_HOST)";
				CLANG_ENABLE_MODULES = YES;
				CODE_SIGN_STYLE = Automatic;
				DEVELOPMENT_TEAM = 87G25HJ2R8;
				INFOPLIST_FILE = GreaTripTests/Info.plist;
				LD_RUNPATH_SEARCH_PATHS = (
					"$(inherited)",
					"@executable_path/Frameworks",
					"@loader_path/Frameworks",
				);
				PRODUCT_BUNDLE_IDENTIFIER = com.thomasgiron.GreaTripTests;
				PRODUCT_NAME = "$(TARGET_NAME)";
				SWIFT_OPTIMIZATION_LEVEL = "-Onone";
				SWIFT_VERSION = 5.0;
				TARGETED_DEVICE_FAMILY = "1,2";
				TEST_HOST = "$(BUILT_PRODUCTS_DIR)/GreaTrip.app/GreaTrip";
			};
			name = Debug;
		};
		E9EBAA86249142C2005E160A /* Release */ = {
			isa = XCBuildConfiguration;
			buildSettings = {
				BUNDLE_LOADER = "$(TEST_HOST)";
				CLANG_ENABLE_MODULES = YES;
				CODE_SIGN_STYLE = Automatic;
				DEVELOPMENT_TEAM = 87G25HJ2R8;
				INFOPLIST_FILE = GreaTripTests/Info.plist;
				LD_RUNPATH_SEARCH_PATHS = (
					"$(inherited)",
					"@executable_path/Frameworks",
					"@loader_path/Frameworks",
				);
				PRODUCT_BUNDLE_IDENTIFIER = com.thomasgiron.GreaTripTests;
				PRODUCT_NAME = "$(TARGET_NAME)";
				SWIFT_VERSION = 5.0;
				TARGETED_DEVICE_FAMILY = "1,2";
				TEST_HOST = "$(BUILT_PRODUCTS_DIR)/GreaTrip.app/GreaTrip";
			};
			name = Release;
		};
/* End XCBuildConfiguration section */

/* Begin XCConfigurationList section */
		E965FCA024336F38003E1DEA /* Build configuration list for PBXProject "GreaTrip" */ = {
			isa = XCConfigurationList;
			buildConfigurations = (
				E965FCB724336F39003E1DEA /* Debug */,
				E965FCB824336F39003E1DEA /* Release */,
			);
			defaultConfigurationIsVisible = 0;
			defaultConfigurationName = Release;
		};
		E965FCB924336F39003E1DEA /* Build configuration list for PBXNativeTarget "GreaTrip" */ = {
			isa = XCConfigurationList;
			buildConfigurations = (
				E965FCBA24336F39003E1DEA /* Debug */,
				E965FCBB24336F39003E1DEA /* Release */,
			);
			defaultConfigurationIsVisible = 0;
			defaultConfigurationName = Release;
		};
		E9EBAA84249142C2005E160A /* Build configuration list for PBXNativeTarget "GreaTripTests" */ = {
			isa = XCConfigurationList;
			buildConfigurations = (
				E9EBAA85249142C2005E160A /* Debug */,
				E9EBAA86249142C2005E160A /* Release */,
			);
			defaultConfigurationIsVisible = 0;
			defaultConfigurationName = Release;
		};
/* End XCConfigurationList section */
	};
	rootObject = E965FC9D24336F38003E1DEA /* Project object */;
}
