// !$*UTF8*$!
{
	archiveVersion = 1;
	classes = {
	};
	objectVersion = 50;
	objects = {

/* Begin PBXBuildFile section */
		E965FCA924336F38003E1DEA /* AppDelegate.swift in Sources */ = {isa = PBXBuildFile; fileRef = E965FCA824336F38003E1DEA /* AppDelegate.swift */; };
		E965FCAD24336F38003E1DEA /* WeatherViewController.swift in Sources */ = {isa = PBXBuildFile; fileRef = E965FCAC24336F38003E1DEA /* WeatherViewController.swift */; };
		E965FCB024336F38003E1DEA /* Main.storyboard in Resources */ = {isa = PBXBuildFile; fileRef = E965FCAE24336F38003E1DEA /* Main.storyboard */; };
		E965FCB224336F39003E1DEA /* Assets.xcassets in Resources */ = {isa = PBXBuildFile; fileRef = E965FCB124336F39003E1DEA /* Assets.xcassets */; };
		E965FCB524336F39003E1DEA /* LaunchScreen.storyboard in Resources */ = {isa = PBXBuildFile; fileRef = E965FCB324336F39003E1DEA /* LaunchScreen.storyboard */; };
		E965FCC1243370E5003E1DEA /* Default-568h@2x.png in Resources */ = {isa = PBXBuildFile; fileRef = E965FCC0243370E5003E1DEA /* Default-568h@2x.png */; };
		E965FCC32433947C003E1DEA /* Weather.storyboard in Resources */ = {isa = PBXBuildFile; fileRef = E965FCC22433947C003E1DEA /* Weather.storyboard */; };
		E965FCC52433948B003E1DEA /* Translate.storyboard in Resources */ = {isa = PBXBuildFile; fileRef = E965FCC42433948B003E1DEA /* Translate.storyboard */; };
		E965FCC72433949E003E1DEA /* Exchange.storyboard in Resources */ = {isa = PBXBuildFile; fileRef = E965FCC62433949E003E1DEA /* Exchange.storyboard */; };
		E965FCC92434DE44003E1DEA /* LanguageList.storyboard in Resources */ = {isa = PBXBuildFile; fileRef = E965FCC82434DE44003E1DEA /* LanguageList.storyboard */; };
		E9CB1AE524573F540059BC3B /* ApiKeys.swift in Sources */ = {isa = PBXBuildFile; fileRef = E9CB1AE424573F540059BC3B /* ApiKeys.swift */; };
		E9CB1AE924573FD30059BC3B /* ApiKeys.plist in Resources */ = {isa = PBXBuildFile; fileRef = E9CB1AE824573FD30059BC3B /* ApiKeys.plist */; };
/* End PBXBuildFile section */

/* Begin PBXFileReference section */
		E965FCA524336F38003E1DEA /* GreaTrip.app */ = {isa = PBXFileReference; explicitFileType = wrapper.application; includeInIndex = 0; path = GreaTrip.app; sourceTree = BUILT_PRODUCTS_DIR; };
		E965FCA824336F38003E1DEA /* AppDelegate.swift */ = {isa = PBXFileReference; lastKnownFileType = sourcecode.swift; path = AppDelegate.swift; sourceTree = "<group>"; };
		E965FCAC24336F38003E1DEA /* WeatherViewController.swift */ = {isa = PBXFileReference; lastKnownFileType = sourcecode.swift; path = WeatherViewController.swift; sourceTree = "<group>"; };
		E965FCAF24336F38003E1DEA /* Base */ = {isa = PBXFileReference; lastKnownFileType = file.storyboard; name = Base; path = Base.lproj/Main.storyboard; sourceTree = "<group>"; };
		E965FCB124336F39003E1DEA /* Assets.xcassets */ = {isa = PBXFileReference; lastKnownFileType = folder.assetcatalog; path = Assets.xcassets; sourceTree = "<group>"; };
		E965FCB424336F39003E1DEA /* Base */ = {isa = PBXFileReference; lastKnownFileType = file.storyboard; name = Base; path = Base.lproj/LaunchScreen.storyboard; sourceTree = "<group>"; };
		E965FCB624336F39003E1DEA /* Info.plist */ = {isa = PBXFileReference; lastKnownFileType = text.plist.xml; path = Info.plist; sourceTree = "<group>"; };
		E965FCC0243370E5003E1DEA /* Default-568h@2x.png */ = {isa = PBXFileReference; lastKnownFileType = image.png; path = "Default-568h@2x.png"; sourceTree = "<group>"; };
		E965FCC22433947C003E1DEA /* Weather.storyboard */ = {isa = PBXFileReference; lastKnownFileType = file.storyboard; path = Weather.storyboard; sourceTree = "<group>"; };
		E965FCC42433948B003E1DEA /* Translate.storyboard */ = {isa = PBXFileReference; lastKnownFileType = file.storyboard; path = Translate.storyboard; sourceTree = "<group>"; };
		E965FCC62433949E003E1DEA /* Exchange.storyboard */ = {isa = PBXFileReference; lastKnownFileType = file.storyboard; path = Exchange.storyboard; sourceTree = "<group>"; };
		E965FCC82434DE44003E1DEA /* LanguageList.storyboard */ = {isa = PBXFileReference; lastKnownFileType = file.storyboard; path = LanguageList.storyboard; sourceTree = "<group>"; };
		E9CB1AE424573F540059BC3B /* ApiKeys.swift */ = {isa = PBXFileReference; lastKnownFileType = sourcecode.swift; path = ApiKeys.swift; sourceTree = "<group>"; };
		E9CB1AE824573FD30059BC3B /* ApiKeys.plist */ = {isa = PBXFileReference; lastKnownFileType = text.plist.xml; path = ApiKeys.plist; sourceTree = "<group>"; };
/* End PBXFileReference section */

/* Begin PBXFrameworksBuildPhase section */
		E965FCA224336F38003E1DEA /* Frameworks */ = {
			isa = PBXFrameworksBuildPhase;
			buildActionMask = 2147483647;
			files = (
			);
			runOnlyForDeploymentPostprocessing = 0;
		};
/* End PBXFrameworksBuildPhase section */

/* Begin PBXGroup section */
		E965FC9C24336F38003E1DEA = {
			isa = PBXGroup;
			children = (
				E965FCA724336F38003E1DEA /* GreaTrip */,
				E965FCA624336F38003E1DEA /* Products */,
			);
			sourceTree = "<group>";
		};
		E965FCA624336F38003E1DEA /* Products */ = {
			isa = PBXGroup;
			children = (
				E965FCA524336F38003E1DEA /* GreaTrip.app */,
			);
			name = Products;
			sourceTree = "<group>";
		};
		E965FCA724336F38003E1DEA /* GreaTrip */ = {
			isa = PBXGroup;
			children = (
				E965FCA824336F38003E1DEA /* AppDelegate.swift */,
				E965FCBE243370AF003E1DEA /* Model */,
				E965FCBD243370A8003E1DEA /* View */,
				E965FCBC24336F41003E1DEA /* Controller */,
				E9CB1AE324573F210059BC3B /* Utilities */,
				E965FCBF243370C9003E1DEA /* Supporting Files  */,
			);
			path = GreaTrip;
			sourceTree = "<group>";
		};
		E965FCBC24336F41003E1DEA /* Controller */ = {
			isa = PBXGroup;
			children = (
				E965FCAC24336F38003E1DEA /* WeatherViewController.swift */,
			);
			path = Controller;
			sourceTree = "<group>";
		};
		E965FCBD243370A8003E1DEA /* View */ = {
			isa = PBXGroup;
			children = (
				E965FCAE24336F38003E1DEA /* Main.storyboard */,
				E965FCC22433947C003E1DEA /* Weather.storyboard */,
				E965FCC42433948B003E1DEA /* Translate.storyboard */,
				E965FCC82434DE44003E1DEA /* LanguageList.storyboard */,
				E965FCC62433949E003E1DEA /* Exchange.storyboard */,
			);
			path = View;
			sourceTree = "<group>";
		};
		E965FCBE243370AF003E1DEA /* Model */ = {
			isa = PBXGroup;
			children = (
			);
			path = Model;
			sourceTree = "<group>";
		};
		E965FCBF243370C9003E1DEA /* Supporting Files  */ = {
			isa = PBXGroup;
			children = (
				E965FCC0243370E5003E1DEA /* Default-568h@2x.png */,
				E965FCB624336F39003E1DEA /* Info.plist */,
				E965FCB324336F39003E1DEA /* LaunchScreen.storyboard */,
				E965FCB124336F39003E1DEA /* Assets.xcassets */,
				E9CB1AE824573FD30059BC3B /* ApiKeys.plist */,
			);
			path = "Supporting Files ";
			sourceTree = "<group>";
		};
		E9CB1AE324573F210059BC3B /* Utilities */ = {
			isa = PBXGroup;
			children = (
				E9CB1AE424573F540059BC3B /* ApiKeys.swift */,
			);
			path = Utilities;
			sourceTree = "<group>";
		};
/* End PBXGroup section */

/* Begin PBXNativeTarget section */
		E965FCA424336F38003E1DEA /* GreaTrip */ = {
			isa = PBXNativeTarget;
			buildConfigurationList = E965FCB924336F39003E1DEA /* Build configuration list for PBXNativeTarget "GreaTrip" */;
			buildPhases = (
				E965FCA124336F38003E1DEA /* Sources */,
				E965FCA224336F38003E1DEA /* Frameworks */,
				E965FCA324336F38003E1DEA /* Resources */,
			);
			buildRules = (
			);
			dependencies = (
			);
			name = GreaTrip;
			productName = GreaTrip;
			productReference = E965FCA524336F38003E1DEA /* GreaTrip.app */;
			productType = "com.apple.product-type.application";
		};
/* End PBXNativeTarget section */

/* Begin PBXProject section */
		E965FC9D24336F38003E1DEA /* Project object */ = {
			isa = PBXProject;
			attributes = {
				LastSwiftUpdateCheck = 1140;
				LastUpgradeCheck = 1140;
				ORGANIZATIONNAME = Thomas;
				TargetAttributes = {
					E965FCA424336F38003E1DEA = {
						CreatedOnToolsVersion = 11.4;
					};
				};
			};
			buildConfigurationList = E965FCA024336F38003E1DEA /* Build configuration list for PBXProject "GreaTrip" */;
			compatibilityVersion = "Xcode 9.3";
			developmentRegion = en;
			hasScannedForEncodings = 0;
			knownRegions = (
				en,
				Base,
			);
			mainGroup = E965FC9C24336F38003E1DEA;
			productRefGroup = E965FCA624336F38003E1DEA /* Products */;
			projectDirPath = "";
			projectRoot = "";
			targets = (
				E965FCA424336F38003E1DEA /* GreaTrip */,
			);
		};
/* End PBXProject section */

/* Begin PBXResourcesBuildPhase section */
		E965FCA324336F38003E1DEA /* Resources */ = {
			isa = PBXResourcesBuildPhase;
			buildActionMask = 2147483647;
			files = (
				E965FCC72433949E003E1DEA /* Exchange.storyboard in Resources */,
				E965FCB524336F39003E1DEA /* LaunchScreen.storyboard in Resources */,
				E965FCC32433947C003E1DEA /* Weather.storyboard in Resources */,
				E965FCC1243370E5003E1DEA /* Default-568h@2x.png in Resources */,
				E965FCC52433948B003E1DEA /* Translate.storyboard in Resources */,
				E9CB1AE924573FD30059BC3B /* ApiKeys.plist in Resources */,
				E965FCB224336F39003E1DEA /* Assets.xcassets in Resources */,
				E965FCC92434DE44003E1DEA /* LanguageList.storyboard in Resources */,
				E965FCB024336F38003E1DEA /* Main.storyboard in Resources */,
			);
			runOnlyForDeploymentPostprocessing = 0;
		};
/* End PBXResourcesBuildPhase section */

/* Begin PBXSourcesBuildPhase section */
		E965FCA124336F38003E1DEA /* Sources */ = {
			isa = PBXSourcesBuildPhase;
			buildActionMask = 2147483647;
			files = (
				E965FCAD24336F38003E1DEA /* WeatherViewController.swift in Sources */,
				E965FCA924336F38003E1DEA /* AppDelegate.swift in Sources */,
				E9CB1AE524573F540059BC3B /* ApiKeys.swift in Sources */,
			);
			runOnlyForDeploymentPostprocessing = 0;
		};
/* End PBXSourcesBuildPhase section */

/* Begin PBXVariantGroup section */
		E965FCAE24336F38003E1DEA /* Main.storyboard */ = {
			isa = PBXVariantGroup;
			children = (
				E965FCAF24336F38003E1DEA /* Base */,
			);
			name = Main.storyboard;
			sourceTree = "<group>";
		};
		E965FCB324336F39003E1DEA /* LaunchScreen.storyboard */ = {
			isa = PBXVariantGroup;
			children = (
				E965FCB424336F39003E1DEA /* Base */,
			);
			name = LaunchScreen.storyboard;
			sourceTree = "<group>";
		};
/* End PBXVariantGroup section */

/* Begin XCBuildConfiguration section */
		E965FCB724336F39003E1DEA /* Debug */ = {
			isa = XCBuildConfiguration;
			buildSettings = {
				ALWAYS_SEARCH_USER_PATHS = NO;
				CLANG_ANALYZER_NONNULL = YES;
				CLANG_ANALYZER_NUMBER_OBJECT_CONVERSION = YES_AGGRESSIVE;
				CLANG_CXX_LANGUAGE_STANDARD = "gnu++14";
				CLANG_CXX_LIBRARY = "libc++";
				CLANG_ENABLE_MODULES = YES;
				CLANG_ENABLE_OBJC_ARC = YES;
				CLANG_ENABLE_OBJC_WEAK = YES;
				CLANG_WARN_BLOCK_CAPTURE_AUTORELEASING = YES;
				CLANG_WARN_BOOL_CONVERSION = YES;
				CLANG_WARN_COMMA = YES;
				CLANG_WARN_CONSTANT_CONVERSION = YES;
				CLANG_WARN_DEPRECATED_OBJC_IMPLEMENTATIONS = YES;
				CLANG_WARN_DIRECT_OBJC_ISA_USAGE = YES_ERROR;
				CLANG_WARN_DOCUMENTATION_COMMENTS = YES;
				CLANG_WARN_EMPTY_BODY = YES;
				CLANG_WARN_ENUM_CONVERSION = YES;
				CLANG_WARN_INFINITE_RECURSION = YES;
				CLANG_WARN_INT_CONVERSION = YES;
				CLANG_WARN_NON_LITERAL_NULL_CONVERSION = YES;
				CLANG_WARN_OBJC_IMPLICIT_RETAIN_SELF = YES;
				CLANG_WARN_OBJC_LITERAL_CONVERSION = YES;
				CLANG_WARN_OBJC_ROOT_CLASS = YES_ERROR;
				CLANG_WARN_RANGE_LOOP_ANALYSIS = YES;
				CLANG_WARN_STRICT_PROTOTYPES = YES;
				CLANG_WARN_SUSPICIOUS_MOVE = YES;
				CLANG_WARN_UNGUARDED_AVAILABILITY = YES_AGGRESSIVE;
				CLANG_WARN_UNREACHABLE_CODE = YES;
				CLANG_WARN__DUPLICATE_METHOD_MATCH = YES;
				COPY_PHASE_STRIP = NO;
				DEBUG_INFORMATION_FORMAT = dwarf;
				ENABLE_STRICT_OBJC_MSGSEND = YES;
				ENABLE_TESTABILITY = YES;
				GCC_C_LANGUAGE_STANDARD = gnu11;
				GCC_DYNAMIC_NO_PIC = NO;
				GCC_NO_COMMON_BLOCKS = YES;
				GCC_OPTIMIZATION_LEVEL = 0;
				GCC_PREPROCESSOR_DEFINITIONS = (
					"DEBUG=1",
					"$(inherited)",
				);
				GCC_WARN_64_TO_32_BIT_CONVERSION = YES;
				GCC_WARN_ABOUT_RETURN_TYPE = YES_ERROR;
				GCC_WARN_UNDECLARED_SELECTOR = YES;
				GCC_WARN_UNINITIALIZED_AUTOS = YES_AGGRESSIVE;
				GCC_WARN_UNUSED_FUNCTION = YES;
				GCC_WARN_UNUSED_VARIABLE = YES;
				IPHONEOS_DEPLOYMENT_TARGET = 13.4;
				MTL_ENABLE_DEBUG_INFO = INCLUDE_SOURCE;
				MTL_FAST_MATH = YES;
				ONLY_ACTIVE_ARCH = YES;
				SDKROOT = iphoneos;
				SWIFT_ACTIVE_COMPILATION_CONDITIONS = DEBUG;
				SWIFT_OPTIMIZATION_LEVEL = "-Onone";
			};
			name = Debug;
		};
		E965FCB824336F39003E1DEA /* Release */ = {
			isa = XCBuildConfiguration;
			buildSettings = {
				ALWAYS_SEARCH_USER_PATHS = NO;
				CLANG_ANALYZER_NONNULL = YES;
				CLANG_ANALYZER_NUMBER_OBJECT_CONVERSION = YES_AGGRESSIVE;
				CLANG_CXX_LANGUAGE_STANDARD = "gnu++14";
				CLANG_CXX_LIBRARY = "libc++";
				CLANG_ENABLE_MODULES = YES;
				CLANG_ENABLE_OBJC_ARC = YES;
				CLANG_ENABLE_OBJC_WEAK = YES;
				CLANG_WARN_BLOCK_CAPTURE_AUTORELEASING = YES;
				CLANG_WARN_BOOL_CONVERSION = YES;
				CLANG_WARN_COMMA = YES;
				CLANG_WARN_CONSTANT_CONVERSION = YES;
				CLANG_WARN_DEPRECATED_OBJC_IMPLEMENTATIONS = YES;
				CLANG_WARN_DIRECT_OBJC_ISA_USAGE = YES_ERROR;
				CLANG_WARN_DOCUMENTATION_COMMENTS = YES;
				CLANG_WARN_EMPTY_BODY = YES;
				CLANG_WARN_ENUM_CONVERSION = YES;
				CLANG_WARN_INFINITE_RECURSION = YES;
				CLANG_WARN_INT_CONVERSION = YES;
				CLANG_WARN_NON_LITERAL_NULL_CONVERSION = YES;
				CLANG_WARN_OBJC_IMPLICIT_RETAIN_SELF = YES;
				CLANG_WARN_OBJC_LITERAL_CONVERSION = YES;
				CLANG_WARN_OBJC_ROOT_CLASS = YES_ERROR;
				CLANG_WARN_RANGE_LOOP_ANALYSIS = YES;
				CLANG_WARN_STRICT_PROTOTYPES = YES;
				CLANG_WARN_SUSPICIOUS_MOVE = YES;
				CLANG_WARN_UNGUARDED_AVAILABILITY = YES_AGGRESSIVE;
				CLANG_WARN_UNREACHABLE_CODE = YES;
				CLANG_WARN__DUPLICATE_METHOD_MATCH = YES;
				COPY_PHASE_STRIP = NO;
				DEBUG_INFORMATION_FORMAT = "dwarf-with-dsym";
				ENABLE_NS_ASSERTIONS = NO;
				ENABLE_STRICT_OBJC_MSGSEND = YES;
				GCC_C_LANGUAGE_STANDARD = gnu11;
				GCC_NO_COMMON_BLOCKS = YES;
				GCC_WARN_64_TO_32_BIT_CONVERSION = YES;
				GCC_WARN_ABOUT_RETURN_TYPE = YES_ERROR;
				GCC_WARN_UNDECLARED_SELECTOR = YES;
				GCC_WARN_UNINITIALIZED_AUTOS = YES_AGGRESSIVE;
				GCC_WARN_UNUSED_FUNCTION = YES;
				GCC_WARN_UNUSED_VARIABLE = YES;
				IPHONEOS_DEPLOYMENT_TARGET = 13.4;
				MTL_ENABLE_DEBUG_INFO = NO;
				MTL_FAST_MATH = YES;
				SDKROOT = iphoneos;
				SWIFT_COMPILATION_MODE = wholemodule;
				SWIFT_OPTIMIZATION_LEVEL = "-O";
				VALIDATE_PRODUCT = YES;
			};
			name = Release;
		};
		E965FCBA24336F39003E1DEA /* Debug */ = {
			isa = XCBuildConfiguration;
			buildSettings = {
				ASSETCATALOG_COMPILER_APPICON_NAME = AppIcon;
				CODE_SIGN_STYLE = Automatic;
				DEVELOPMENT_TEAM = 87G25HJ2R8;
				INFOPLIST_FILE = "$(SRCROOT)/GreaTrip/Supporting Files /Info.plist";
				IPHONEOS_DEPLOYMENT_TARGET = 11.0;
				LD_RUNPATH_SEARCH_PATHS = (
					"$(inherited)",
					"@executable_path/Frameworks",
				);
				PRODUCT_BUNDLE_IDENTIFIER = com.thomasgiron.GreaTrip;
				PRODUCT_NAME = "$(TARGET_NAME)";
				SWIFT_VERSION = 5.0;
				TARGETED_DEVICE_FAMILY = "1,2";
			};
			name = Debug;
		};
		E965FCBB24336F39003E1DEA /* Release */ = {
			isa = XCBuildConfiguration;
			buildSettings = {
				ASSETCATALOG_COMPILER_APPICON_NAME = AppIcon;
				CODE_SIGN_STYLE = Automatic;
				DEVELOPMENT_TEAM = 87G25HJ2R8;
				INFOPLIST_FILE = "$(SRCROOT)/GreaTrip/Supporting Files /Info.plist";
				IPHONEOS_DEPLOYMENT_TARGET = 11.0;
				LD_RUNPATH_SEARCH_PATHS = (
					"$(inherited)",
					"@executable_path/Frameworks",
				);
				PRODUCT_BUNDLE_IDENTIFIER = com.thomasgiron.GreaTrip;
				PRODUCT_NAME = "$(TARGET_NAME)";
				SWIFT_VERSION = 5.0;
				TARGETED_DEVICE_FAMILY = "1,2";
			};
			name = Release;
		};
/* End XCBuildConfiguration section */

/* Begin XCConfigurationList section */
		E965FCA024336F38003E1DEA /* Build configuration list for PBXProject "GreaTrip" */ = {
			isa = XCConfigurationList;
			buildConfigurations = (
				E965FCB724336F39003E1DEA /* Debug */,
				E965FCB824336F39003E1DEA /* Release */,
			);
			defaultConfigurationIsVisible = 0;
			defaultConfigurationName = Release;
		};
		E965FCB924336F39003E1DEA /* Build configuration list for PBXNativeTarget "GreaTrip" */ = {
			isa = XCConfigurationList;
			buildConfigurations = (
				E965FCBA24336F39003E1DEA /* Debug */,
				E965FCBB24336F39003E1DEA /* Release */,
			);
			defaultConfigurationIsVisible = 0;
			defaultConfigurationName = Release;
		};
/* End XCConfigurationList section */
	};
	rootObject = E965FC9D24336F38003E1DEA /* Project object */;
}
